
Microsoft Visual Studio Solution File, Format Version 12.00
# Visual Studio Version 17
VisualStudioVersion = 17.6.33801.468
MinimumVisualStudioVersion = 10.0.40219.1
Project("{8BC9CEB8-8B4A-11D0-8D11-00A0C91BC942}") = "CS300 project 2", "CS300 project 2\CS300 project 2.vcxproj", "{141A35AD-262A-425D-A110-A2AC5D314A0B}"
EndProject
Global
	GlobalSection(SolutionConfigurationPlatforms) = preSolution
		Debug|x64 = Debug|x64
		Debug|x86 = Debug|x86
		Release|x64 = Release|x64
		Release|x86 = Release|x86
	EndGlobalSection
	GlobalSection(ProjectConfigurationPlatforms) = postSolution
		{141A35AD-262A-425D-A110-A2AC5D314A0B}.Debug|x64.ActiveCfg = Debug|x64
		{141A35AD-262A-425D-A110-A2AC5D314A0B}.Debug|x64.Build.0 = Debug|x64
		{141A35AD-262A-425D-A110-A2AC5D314A0B}.Debug|x86.ActiveCfg = Debug|Win32
		{141A35AD-262A-425D-A110-A2AC5D314A0B}.Debug|x86.Build.0 = Debug|Win32
		{141A35AD-262A-425D-A110-A2AC5D314A0B}.Release|x64.ActiveCfg = Release|x64
		{141A35AD-262A-425D-A110-A2AC5D314A0B}.Release|x64.Build.0 = Release|x64
		{141A35AD-262A-425D-A110-A2AC5D314A0B}.Release|x86.ActiveCfg = Release|Win32
		{141A35AD-262A-425D-A110-A2AC5D314A0B}.Release|x86.Build.0 = Release|Win32
	EndGlobalSection
	GlobalSection(SolutionProperties) = preSolution
		HideSolutionNode = FALSE
	EndGlobalSection
	GlobalSection(ExtensibilityGlobals) = postSolution
		SolutionGuid = {160F4A34-8198-441D-8D35-406A531A720E}
	EndGlobalSection
EndGlobal
